// !$*UTF8*$!
{
	archiveVersion = 1;
	classes = {
	};
	objectVersion = 50;
	objects = {

/* Begin PBXBuildFile section */
		D467377A24A20CDE002C24CF /* AppDelegate.swift in Sources */ = {isa = PBXBuildFile; fileRef = D467377924A20CDE002C24CF /* AppDelegate.swift */; };
		D467377C24A20CDE002C24CF /* SceneDelegate.swift in Sources */ = {isa = PBXBuildFile; fileRef = D467377B24A20CDE002C24CF /* SceneDelegate.swift */; };
		D467377E24A20CDE002C24CF /* ContentView.swift in Sources */ = {isa = PBXBuildFile; fileRef = D467377D24A20CDE002C24CF /* ContentView.swift */; };
		D467378024A20CE2002C24CF /* Assets.xcassets in Resources */ = {isa = PBXBuildFile; fileRef = D467377F24A20CE2002C24CF /* Assets.xcassets */; };
		D467378324A20CE2002C24CF /* Preview Assets.xcassets in Resources */ = {isa = PBXBuildFile; fileRef = D467378224A20CE2002C24CF /* Preview Assets.xcassets */; };
		D467378624A20CE2002C24CF /* LaunchScreen.storyboard in Resources */ = {isa = PBXBuildFile; fileRef = D467378424A20CE2002C24CF /* LaunchScreen.storyboard */; };
/* End PBXBuildFile section */

/* Begin PBXFileReference section */
		D467377624A20CDE002C24CF /* Arrow.app */ = {isa = PBXFileReference; explicitFileType = wrapper.application; includeInIndex = 0; path = Arrow.app; sourceTree = BUILT_PRODUCTS_DIR; };
		D467377924A20CDE002C24CF /* AppDelegate.swift */ = {isa = PBXFileReference; lastKnownFileType = sourcecode.swift; path = AppDelegate.swift; sourceTree = "<group>"; };
		D467377B24A20CDE002C24CF /* SceneDelegate.swift */ = {isa = PBXFileReference; lastKnownFileType = sourcecode.swift; path = SceneDelegate.swift; sourceTree = "<group>"; };
		D467377D24A20CDE002C24CF /* ContentView.swift */ = {isa = PBXFileReference; lastKnownFileType = sourcecode.swift; path = ContentView.swift; sourceTree = "<group>"; };
		D467377F24A20CE2002C24CF /* Assets.xcassets */ = {isa = PBXFileReference; lastKnownFileType = folder.assetcatalog; path = Assets.xcassets; sourceTree = "<group>"; };
		D467378224A20CE2002C24CF /* Preview Assets.xcassets */ = {isa = PBXFileReference; lastKnownFileType = folder.assetcatalog; path = "Preview Assets.xcassets"; sourceTree = "<group>"; };
		D467378524A20CE2002C24CF /* Base */ = {isa = PBXFileReference; lastKnownFileType = file.storyboard; name = Base; path = Base.lproj/LaunchScreen.storyboard; sourceTree = "<group>"; };
		D467378724A20CE2002C24CF /* Info.plist */ = {isa = PBXFileReference; lastKnownFileType = text.plist.xml; path = Info.plist; sourceTree = "<group>"; };
/* End PBXFileReference section */

/* Begin PBXFrameworksBuildPhase section */
		D467377324A20CDE002C24CF /* Frameworks */ = {
			isa = PBXFrameworksBuildPhase;
			buildActionMask = 2147483647;
			files = (
			);
			runOnlyForDeploymentPostprocessing = 0;
		};
/* End PBXFrameworksBuildPhase section */

/* Begin PBXGroup section */
		D467376D24A20CDE002C24CF = {
			isa = PBXGroup;
			children = (
				D467377824A20CDE002C24CF /* Arrow */,
				D467377724A20CDE002C24CF /* Products */,
			);
			sourceTree = "<group>";
		};
		D467377724A20CDE002C24CF /* Products */ = {
			isa = PBXGroup;
			children = (
				D467377624A20CDE002C24CF /* Arrow.app */,
			);
			name = Products;
			sourceTree = "<group>";
		};
		D467377824A20CDE002C24CF /* Arrow */ = {
			isa = PBXGroup;
			children = (
				D467377924A20CDE002C24CF /* AppDelegate.swift */,
				D467377B24A20CDE002C24CF /* SceneDelegate.swift */,
				D467377D24A20CDE002C24CF /* ContentView.swift */,
				D467377F24A20CE2002C24CF /* Assets.xcassets */,
				D467378424A20CE2002C24CF /* LaunchScreen.storyboard */,
				D467378724A20CE2002C24CF /* Info.plist */,
				D467378124A20CE2002C24CF /* Preview Content */,
			);
			path = Arrow;
			sourceTree = "<group>";
		};
		D467378124A20CE2002C24CF /* Preview Content */ = {
			isa = PBXGroup;
			children = (
				D467378224A20CE2002C24CF /* Preview Assets.xcassets */,
			);
			path = "Preview Content";
			sourceTree = "<group>";
		};
/* End PBXGroup section */

/* Begin PBXNativeTarget section */
		D467377524A20CDE002C24CF /* Arrow */ = {
			isa = PBXNativeTarget;
			buildConfigurationList = D467378A24A20CE2002C24CF /* Build configuration list for PBXNativeTarget "Arrow" */;
			buildPhases = (
				D467377224A20CDE002C24CF /* Sources */,
				D467377324A20CDE002C24CF /* Frameworks */,
				D467377424A20CDE002C24CF /* Resources */,
			);
			buildRules = (
			);
			dependencies = (
			);
			name = Arrow;
			productName = Arrow;
			productReference = D467377624A20CDE002C24CF /* Arrow.app */;
			productType = "com.apple.product-type.application";
		};
/* End PBXNativeTarget section */

/* Begin PBXProject section */
		D467376E24A20CDE002C24CF /* Project object */ = {
			isa = PBXProject;
			attributes = {
				LastSwiftUpdateCheck = 1150;
				LastUpgradeCheck = 1150;
				ORGANIZATIONNAME = "Gary Watson";
				TargetAttributes = {
					D467377524A20CDE002C24CF = {
						CreatedOnToolsVersion = 11.5;
					};
				};
			};
			buildConfigurationList = D467377124A20CDE002C24CF /* Build configuration list for PBXProject "Arrow" */;
			compatibilityVersion = "Xcode 9.3";
			developmentRegion = en;
			hasScannedForEncodings = 0;
			knownRegions = (
				en,
				Base,
			);
			mainGroup = D467376D24A20CDE002C24CF;
			productRefGroup = D467377724A20CDE002C24CF /* Products */;
			projectDirPath = "";
			projectRoot = "";
			targets = (
				D467377524A20CDE002C24CF /* Arrow */,
			);
		};
/* End PBXProject section */

/* Begin PBXResourcesBuildPhase section */
		D467377424A20CDE002C24CF /* Resources */ = {
			isa = PBXResourcesBuildPhase;
			buildActionMask = 2147483647;
			files = (
				D467378624A20CE2002C24CF /* LaunchScreen.storyboard in Resources */,
				D467378324A20CE2002C24CF /* Preview Assets.xcassets in Resources */,
				D467378024A20CE2002C24CF /* Assets.xcassets in Resources */,
			);
			runOnlyForDeploymentPostprocessing = 0;
		};
/* End PBXResourcesBuildPhase section */

/* Begin PBXSourcesBuildPhase section */
		D467377224A20CDE002C24CF /* Sources */ = {
			isa = PBXSourcesBuildPhase;
			buildActionMask = 2147483647;
			files = (
				D467377A24A20CDE002C24CF /* AppDelegate.swift in Sources */,
				D467377C24A20CDE002C24CF /* SceneDelegate.swift in Sources */,
				D467377E24A20CDE002C24CF /* ContentView.swift in Sources */,
			);
			runOnlyForDeploymentPostprocessing = 0;
		};
/* End PBXSourcesBuildPhase section */

/* Begin PBXVariantGroup section */
		D467378424A20CE2002C24CF /* LaunchScreen.storyboard */ = {
			isa = PBXVariantGroup;
			children = (
				D467378524A20CE2002C24CF /* Base */,
			);
			name = LaunchScreen.storyboard;
			sourceTree = "<group>";
		};
/* End PBXVariantGroup section */

/* Begin XCBuildConfiguration section */
		D467378824A20CE2002C24CF /* Debug */ = {
			isa = XCBuildConfiguration;
			buildSettings = {
				ALWAYS_SEARCH_USER_PATHS = NO;
				CLANG_ANALYZER_NONNULL = YES;
				CLANG_ANALYZER_NUMBER_OBJECT_CONVERSION = YES_AGGRESSIVE;
				CLANG_CXX_LANGUAGE_STANDARD = "gnu++14";
				CLANG_CXX_LIBRARY = "libc++";
				CLANG_ENABLE_MODULES = YES;
				CLANG_ENABLE_OBJC_ARC = YES;
				CLANG_ENABLE_OBJC_WEAK = YES;
				CLANG_WARN_BLOCK_CAPTURE_AUTORELEASING = YES;
				CLANG_WARN_BOOL_CONVERSION = YES;
				CLANG_WARN_COMMA = YES;
				CLANG_WARN_CONSTANT_CONVERSION = YES;
				CLANG_WARN_DEPRECATED_OBJC_IMPLEMENTATIONS = YES;
				CLANG_WARN_DIRECT_OBJC_ISA_USAGE = YES_ERROR;
				CLANG_WARN_DOCUMENTATION_COMMENTS = YES;
				CLANG_WARN_EMPTY_BODY = YES;
				CLANG_WARN_ENUM_CONVERSION = YES;
				CLANG_WARN_INFINITE_RECURSION = YES;
				CLANG_WARN_INT_CONVERSION = YES;
				CLANG_WARN_NON_LITERAL_NULL_CONVERSION = YES;
				CLANG_WARN_OBJC_IMPLICIT_RETAIN_SELF = YES;
				CLANG_WARN_OBJC_LITERAL_CONVERSION = YES;
				CLANG_WARN_OBJC_ROOT_CLASS = YES_ERROR;
				CLANG_WARN_RANGE_LOOP_ANALYSIS = YES;
				CLANG_WARN_STRICT_PROTOTYPES = YES;
				CLANG_WARN_SUSPICIOUS_MOVE = YES;
				CLANG_WARN_UNGUARDED_AVAILABILITY = YES_AGGRESSIVE;
				CLANG_WARN_UNREACHABLE_CODE = YES;
				CLANG_WARN__DUPLICATE_METHOD_MATCH = YES;
				COPY_PHASE_STRIP = NO;
				DEBUG_INFORMATION_FORMAT = dwarf;
				ENABLE_STRICT_OBJC_MSGSEND = YES;
				ENABLE_TESTABILITY = YES;
				GCC_C_LANGUAGE_STANDARD = gnu11;
				GCC_DYNAMIC_NO_PIC = NO;
				GCC_NO_COMMON_BLOCKS = YES;
				GCC_OPTIMIZATION_LEVEL = 0;
				GCC_PREPROCESSOR_DEFINITIONS = (
					"DEBUG=1",
					"$(inherited)",
				);
				GCC_WARN_64_TO_32_BIT_CONVERSION = YES;
				GCC_WARN_ABOUT_RETURN_TYPE = YES_ERROR;
				GCC_WARN_UNDECLARED_SELECTOR = YES;
				GCC_WARN_UNINITIALIZED_AUTOS = YES_AGGRESSIVE;
				GCC_WARN_UNUSED_FUNCTION = YES;
				GCC_WARN_UNUSED_VARIABLE = YES;
				IPHONEOS_DEPLOYMENT_TARGET = 13.5;
				MTL_ENABLE_DEBUG_INFO = INCLUDE_SOURCE;
				MTL_FAST_MATH = YES;
				ONLY_ACTIVE_ARCH = YES;
				SDKROOT = iphoneos;
				SWIFT_ACTIVE_COMPILATION_CONDITIONS = DEBUG;
				SWIFT_OPTIMIZATION_LEVEL = "-Onone";
			};
			name = Debug;
		};
		D467378924A20CE2002C24CF /* Release */ = {
			isa = XCBuildConfiguration;
			buildSettings = {
				ALWAYS_SEARCH_USER_PATHS = NO;
				CLANG_ANALYZER_NONNULL = YES;
				CLANG_ANALYZER_NUMBER_OBJECT_CONVERSION = YES_AGGRESSIVE;
				CLANG_CXX_LANGUAGE_STANDARD = "gnu++14";
				CLANG_CXX_LIBRARY = "libc++";
				CLANG_ENABLE_MODULES = YES;
				CLANG_ENABLE_OBJC_ARC = YES;
				CLANG_ENABLE_OBJC_WEAK = YES;
				CLANG_WARN_BLOCK_CAPTURE_AUTORELEASING = YES;
				CLANG_WARN_BOOL_CONVERSION = YES;
				CLANG_WARN_COMMA = YES;
				CLANG_WARN_CONSTANT_CONVERSION = YES;
				CLANG_WARN_DEPRECATED_OBJC_IMPLEMENTATIONS = YES;
				CLANG_WARN_DIRECT_OBJC_ISA_USAGE = YES_ERROR;
				CLANG_WARN_DOCUMENTATION_COMMENTS = YES;
				CLANG_WARN_EMPTY_BODY = YES;
				CLANG_WARN_ENUM_CONVERSION = YES;
				CLANG_WARN_INFINITE_RECURSION = YES;
				CLANG_WARN_INT_CONVERSION = YES;
				CLANG_WARN_NON_LITERAL_NULL_CONVERSION = YES;
				CLANG_WARN_OBJC_IMPLICIT_RETAIN_SELF = YES;
				CLANG_WARN_OBJC_LITERAL_CONVERSION = YES;
				CLANG_WARN_OBJC_ROOT_CLASS = YES_ERROR;
				CLANG_WARN_RANGE_LOOP_ANALYSIS = YES;
				CLANG_WARN_STRICT_PROTOTYPES = YES;
				CLANG_WARN_SUSPICIOUS_MOVE = YES;
				CLANG_WARN_UNGUARDED_AVAILABILITY = YES_AGGRESSIVE;
				CLANG_WARN_UNREACHABLE_CODE = YES;
				CLANG_WARN__DUPLICATE_METHOD_MATCH = YES;
				COPY_PHASE_STRIP = NO;
				DEBUG_INFORMATION_FORMAT = "dwarf-with-dsym";
				ENABLE_NS_ASSERTIONS = NO;
				ENABLE_STRICT_OBJC_MSGSEND = YES;
				GCC_C_LANGUAGE_STANDARD = gnu11;
				GCC_NO_COMMON_BLOCKS = YES;
				GCC_WARN_64_TO_32_BIT_CONVERSION = YES;
				GCC_WARN_ABOUT_RETURN_TYPE = YES_ERROR;
				GCC_WARN_UNDECLARED_SELECTOR = YES;
				GCC_WARN_UNINITIALIZED_AUTOS = YES_AGGRESSIVE;
				GCC_WARN_UNUSED_FUNCTION = YES;
				GCC_WARN_UNUSED_VARIABLE = YES;
				IPHONEOS_DEPLOYMENT_TARGET = 13.5;
				MTL_ENABLE_DEBUG_INFO = NO;
				MTL_FAST_MATH = YES;
				SDKROOT = iphoneos;
				SWIFT_COMPILATION_MODE = wholemodule;
				SWIFT_OPTIMIZATION_LEVEL = "-O";
				VALIDATE_PRODUCT = YES;
			};
			name = Release;
		};
		D467378B24A20CE2002C24CF /* Debug */ = {
			isa = XCBuildConfiguration;
			buildSettings = {
				ASSETCATALOG_COMPILER_APPICON_NAME = AppIcon;
				CODE_SIGN_STYLE = Automatic;
				DEVELOPMENT_ASSET_PATHS = "\"Arrow/Preview Content\"";
				DEVELOPMENT_TEAM = 59WWV9M44C;
				ENABLE_PREVIEWS = YES;
				INFOPLIST_FILE = Arrow/Info.plist;
				LD_RUNPATH_SEARCH_PATHS = (
					"$(inherited)",
					"@executable_path/Frameworks",
				);
				PRODUCT_BUNDLE_IDENTIFIER = Watson.Gary.Arrow;
				PRODUCT_NAME = "$(TARGET_NAME)";
				SWIFT_VERSION = 5.0;
				TARGETED_DEVICE_FAMILY = "1,2";
			};
			name = Debug;
		};
		D467378C24A20CE2002C24CF /* Release */ = {
			isa = XCBuildConfiguration;
			buildSettings = {
				ASSETCATALOG_COMPILER_APPICON_NAME = AppIcon;
				CODE_SIGN_STYLE = Automatic;
				DEVELOPMENT_ASSET_PATHS = "\"Arrow/Preview Content\"";
				DEVELOPMENT_TEAM = 59WWV9M44C;
				ENABLE_PREVIEWS = YES;
				INFOPLIST_FILE = Arrow/Info.plist;
				LD_RUNPATH_SEARCH_PATHS = (
					"$(inherited)",
					"@executable_path/Frameworks",
				);
				PRODUCT_BUNDLE_IDENTIFIER = Watson.Gary.Arrow;
				PRODUCT_NAME = "$(TARGET_NAME)";
				SWIFT_VERSION = 5.0;
				TARGETED_DEVICE_FAMILY = "1,2";
			};
			name = Release;
		};
/* End XCBuildConfiguration section */

/* Begin XCConfigurationList section */
		D467377124A20CDE002C24CF /* Build configuration list for PBXProject "Arrow" */ = {
			isa = XCConfigurationList;
			buildConfigurations = (
				D467378824A20CE2002C24CF /* Debug */,
				D467378924A20CE2002C24CF /* Release */,
			);
			defaultConfigurationIsVisible = 0;
			defaultConfigurationName = Release;
		};
		D467378A24A20CE2002C24CF /* Build configuration list for PBXNativeTarget "Arrow" */ = {
			isa = XCConfigurationList;
			buildConfigurations = (
				D467378B24A20CE2002C24CF /* Debug */,
				D467378C24A20CE2002C24CF /* Release */,
			);
			defaultConfigurationIsVisible = 0;
			defaultConfigurationName = Release;
		};
/* End XCConfigurationList section */
	};
	rootObject = D467376E24A20CDE002C24CF /* Project object */;
}
